
Microsoft Visual Studio Solution File, Format Version 12.00
# Visual Studio Version 17
VisualStudioVersion = 17.2.32630.192
MinimumVisualStudioVersion = 10.0.40219.1
Project("{8BC9CEB8-8B4A-11D0-8D11-00A0C91BC942}") = "TypingSpeedGame", "TypingSpeedGame.vcxproj", "{388174C8-09B8-4BEE-B5F8-E6D828061957}"
EndProject
Global
	GlobalSection(SolutionConfigurationPlatforms) = preSolution
		Debug|x64 = Debug|x64
		Debug|x86 = Debug|x86
		Release|x64 = Release|x64
		Release|x86 = Release|x86
	EndGlobalSection
	GlobalSection(ProjectConfigurationPlatforms) = postSolution
		{388174C8-09B8-4BEE-B5F8-E6D828061957}.Debug|x64.ActiveCfg = Debug|x64
		{388174C8-09B8-4BEE-B5F8-E6D828061957}.Debug|x64.Build.0 = Debug|x64
		{388174C8-09B8-4BEE-B5F8-E6D828061957}.Debug|x86.ActiveCfg = Debug|Win32
		{388174C8-09B8-4BEE-B5F8-E6D828061957}.Debug|x86.Build.0 = Debug|Win32
		{388174C8-09B8-4BEE-B5F8-E6D828061957}.Release|x64.ActiveCfg = Release|x64
		{388174C8-09B8-4BEE-B5F8-E6D828061957}.Release|x64.Build.0 = Release|x64
		{388174C8-09B8-4BEE-B5F8-E6D828061957}.Release|x86.ActiveCfg = Release|Win32
		{388174C8-09B8-4BEE-B5F8-E6D828061957}.Release|x86.Build.0 = Release|Win32
	EndGlobalSection
	GlobalSection(SolutionProperties) = preSolution
		HideSolutionNode = FALSE
	EndGlobalSection
	GlobalSection(ExtensibilityGlobals) = postSolution
		SolutionGuid = {1EF29CB6-175F-46DE-8A63-904DC8CDA60D}
	EndGlobalSection
EndGlobal
